
Microsoft Visual Studio Solution File, Format Version 12.00
# Visual Studio Version 17
VisualStudioVersion = 17.5.33530.505
MinimumVisualStudioVersion = 10.0.40219.1
Project("{2150E333-8FDC-42A3-9474-1A3956D46DE8}") = "1.Sqs", "1.Sqs", "{50173A4C-33EA-4332-BC50-97A446C56944}"
EndProject
Project("{2150E333-8FDC-42A3-9474-1A3956D46DE8}") = "2.Sns", "2.Sns", "{B5389AAA-0F04-4BFF-AABE-B3F34A300E96}"
EndProject
Project("{9A19103F-16F7-4668-BE54-9A1E7A4F7556}") = "SnsPublisher", "2.Sns\SnsPublisher\SnsPublisher.csproj", "{4A7131C4-1EF9-46BB-B4B9-B5445B1676FF}"
EndProject
Project("{9A19103F-16F7-4668-BE54-9A1E7A4F7556}") = "SqsConsumer", "2.Sns\SqsConsumer\SqsConsumer.csproj", "{7375B4B7-A79E-4CDE-8CEE-5DD355BAB08B}"
EndProject
Project("{9A19103F-16F7-4668-BE54-9A1E7A4F7556}") = "SqsConsumer", "1.Sqs\SqsConsumer\SqsConsumer.csproj", "{B2373B6A-CC91-43F8-A799-65D11FDEC692}"
EndProject
Project("{9A19103F-16F7-4668-BE54-9A1E7A4F7556}") = "Users.Consumer", "1.Sqs\Users.Consumer\Users.Consumer.csproj", "{8B21B796-C83A-4D97-9C07-C21F24624D44}"
EndProject
Project("{9A19103F-16F7-4668-BE54-9A1E7A4F7556}") = "SqsPublisher", "1.Sqs\SqsPublisher\SqsPublisher.csproj", "{B933D1B9-E447-40A2-99AF-AA79A2596D4E}"
EndProject
Project("{9A19103F-16F7-4668-BE54-9A1E7A4F7556}") = "Users.Api", "1.Sqs\Users.Api\Users.Api.csproj", "{76BA5D78-6D25-43A8-BBA7-4FF7BC5322FD}"
EndProject
Project("{9A19103F-16F7-4668-BE54-9A1E7A4F7556}") = "Users.Api", "2.Sns\Users.Api\Users.Api.csproj", "{B45D4BB9-229A-4F70-8669-EF0035F4B534}"
EndProject
Project("{9A19103F-16F7-4668-BE54-9A1E7A4F7556}") = "Users.Consumer", "2.Sns\Users.Consumer\Users.Consumer.csproj", "{0EAE41FB-8E5F-42DA-9B77-87BCA291A13A}"
EndProject
Project("{2150E333-8FDC-42A3-9474-1A3956D46DE8}") = "3.S3", "3.S3", "{4CA0BC45-FF7C-4EEF-A0B8-DFA9DFDEE88A}"
EndProject
Project("{9A19103F-16F7-4668-BE54-9A1E7A4F7556}") = "Assistant", "3.S3\Assistant\Assistant.csproj", "{20D3865C-214A-4256-B739-FD3ABA7FA668}"
EndProject
Project("{9A19103F-16F7-4668-BE54-9A1E7A4F7556}") = "Users.Api", "3.S3\UsersApi\Users.Api.csproj", "{3DA15646-291E-4176-A95C-981A068EF7AD}"
EndProject
Project("{2150E333-8FDC-42A3-9474-1A3956D46DE8}") = "4.Secrets", "4.Secrets", "{12D3985C-1491-4EBC-BFB4-F855647DC75A}"
EndProject
Project("{9A19103F-16F7-4668-BE54-9A1E7A4F7556}") = "Assistant", "4.Secrets\Assistant\Assistant.csproj", "{890CAF80-FA98-4690-AF8B-3620CAF46E4A}"
EndProject
Project("{9A19103F-16F7-4668-BE54-9A1E7A4F7556}") = "Weather.Api", "4.Secrets\Weather.Api\Weather.Api.csproj", "{26D64C48-2C6D-4D5C-97E0-86A5F23C4260}"
EndProject
Project("{2150E333-8FDC-42A3-9474-1A3956D46DE8}") = "5.DynamoDB", "5.DynamoDB", "{715F1CC0-8F5C-4FFE-A3A6-FB04F39B606A}"
EndProject
Project("{9A19103F-16F7-4668-BE54-9A1E7A4F7556}") = "Users.Api", "5.DynamoDB\Users.Api\Users.Api.csproj", "{3A7627F9-EA99-4FBC-970A-9FC3B033E519}"
EndProject
Project("{2150E333-8FDC-42A3-9474-1A3956D46DE8}") = "6.Lambda", "6.Lambda", "{091C4099-2DDB-4032-BA78-0D9DF466A7A2}"
EndProject
Project("{9A19103F-16F7-4668-BE54-9A1E7A4F7556}") = "SimpleHttpLambda", "6.Lambda\SimpleHttpLambda\src\SimpleHttpLambda\SimpleHttpLambda.csproj", "{85015EBD-1FC6-40A9-8C36-841B8D3D37C1}"
EndProject
Project("{9A19103F-16F7-4668-BE54-9A1E7A4F7556}") = "SimpleSqsLambda", "6.Lambda\SimpleSqsLambda\src\SimpleSqsLambda\SimpleSqsLambda.csproj", "{C1325EEC-B339-4905-A495-0FA3F0CE316A}"
EndProject
Project("{9A19103F-16F7-4668-BE54-9A1E7A4F7556}") = "SimpleSnsLambda", "6.Lambda\SimpleSnsLambda\src\SimpleSnsLambda\SimpleSnsLambda.csproj", "{731C3EC6-98B3-49DD-89E2-FCF864BC0578}"
EndProject
Project("{9A19103F-16F7-4668-BE54-9A1E7A4F7556}") = "SimpleDynamoDbLambda", "6.Lambda\SimpleDynamoDbLambda\src\SimpleDynamoDbLambda\SimpleDynamoDbLambda.csproj", "{011B5AE5-18BE-42A2-9A50-8779063FB20C}"
EndProject
Project("{9A19103F-16F7-4668-BE54-9A1E7A4F7556}") = "SimpleS3Lambda", "6.Lambda\SimpleS3Lambda\src\SimpleS3Lambda\SimpleS3Lambda.csproj", "{BBE42DCF-E806-488F-B32A-E1A900AC168F}"
EndProject
Project("{FAE04EC0-301F-11D3-BF4B-00C04F79EFBC}") = "SimpleApiLambda", "6.Lambda\SimpleApiLambda\SimpleApiLambda.csproj", "{02E1B87A-839D-4427-9214-BAECCC9BDD4A}"
EndProject
Global
	GlobalSection(SolutionConfigurationPlatforms) = preSolution
		Debug|Any CPU = Debug|Any CPU
		Release|Any CPU = Release|Any CPU
	EndGlobalSection
	GlobalSection(ProjectConfigurationPlatforms) = postSolution
		{4A7131C4-1EF9-46BB-B4B9-B5445B1676FF}.Debug|Any CPU.ActiveCfg = Debug|Any CPU
		{4A7131C4-1EF9-46BB-B4B9-B5445B1676FF}.Debug|Any CPU.Build.0 = Debug|Any CPU
		{4A7131C4-1EF9-46BB-B4B9-B5445B1676FF}.Release|Any CPU.ActiveCfg = Release|Any CPU
		{4A7131C4-1EF9-46BB-B4B9-B5445B1676FF}.Release|Any CPU.Build.0 = Release|Any CPU
		{7375B4B7-A79E-4CDE-8CEE-5DD355BAB08B}.Debug|Any CPU.ActiveCfg = Debug|Any CPU
		{7375B4B7-A79E-4CDE-8CEE-5DD355BAB08B}.Debug|Any CPU.Build.0 = Debug|Any CPU
		{7375B4B7-A79E-4CDE-8CEE-5DD355BAB08B}.Release|Any CPU.ActiveCfg = Release|Any CPU
		{7375B4B7-A79E-4CDE-8CEE-5DD355BAB08B}.Release|Any CPU.Build.0 = Release|Any CPU
		{B2373B6A-CC91-43F8-A799-65D11FDEC692}.Debug|Any CPU.ActiveCfg = Debug|Any CPU
		{B2373B6A-CC91-43F8-A799-65D11FDEC692}.Debug|Any CPU.Build.0 = Debug|Any CPU
		{B2373B6A-CC91-43F8-A799-65D11FDEC692}.Release|Any CPU.ActiveCfg = Release|Any CPU
		{B2373B6A-CC91-43F8-A799-65D11FDEC692}.Release|Any CPU.Build.0 = Release|Any CPU
		{8B21B796-C83A-4D97-9C07-C21F24624D44}.Debug|Any CPU.ActiveCfg = Debug|Any CPU
		{8B21B796-C83A-4D97-9C07-C21F24624D44}.Debug|Any CPU.Build.0 = Debug|Any CPU
		{8B21B796-C83A-4D97-9C07-C21F24624D44}.Release|Any CPU.ActiveCfg = Release|Any CPU
		{8B21B796-C83A-4D97-9C07-C21F24624D44}.Release|Any CPU.Build.0 = Release|Any CPU
		{B933D1B9-E447-40A2-99AF-AA79A2596D4E}.Debug|Any CPU.ActiveCfg = Debug|Any CPU
		{B933D1B9-E447-40A2-99AF-AA79A2596D4E}.Debug|Any CPU.Build.0 = Debug|Any CPU
		{B933D1B9-E447-40A2-99AF-AA79A2596D4E}.Release|Any CPU.ActiveCfg = Release|Any CPU
		{B933D1B9-E447-40A2-99AF-AA79A2596D4E}.Release|Any CPU.Build.0 = Release|Any CPU
		{76BA5D78-6D25-43A8-BBA7-4FF7BC5322FD}.Debug|Any CPU.ActiveCfg = Debug|Any CPU
		{76BA5D78-6D25-43A8-BBA7-4FF7BC5322FD}.Debug|Any CPU.Build.0 = Debug|Any CPU
		{76BA5D78-6D25-43A8-BBA7-4FF7BC5322FD}.Release|Any CPU.ActiveCfg = Release|Any CPU
		{76BA5D78-6D25-43A8-BBA7-4FF7BC5322FD}.Release|Any CPU.Build.0 = Release|Any CPU
		{B45D4BB9-229A-4F70-8669-EF0035F4B534}.Debug|Any CPU.ActiveCfg = Debug|Any CPU
		{B45D4BB9-229A-4F70-8669-EF0035F4B534}.Debug|Any CPU.Build.0 = Debug|Any CPU
		{B45D4BB9-229A-4F70-8669-EF0035F4B534}.Release|Any CPU.ActiveCfg = Release|Any CPU
		{B45D4BB9-229A-4F70-8669-EF0035F4B534}.Release|Any CPU.Build.0 = Release|Any CPU
		{0EAE41FB-8E5F-42DA-9B77-87BCA291A13A}.Debug|Any CPU.ActiveCfg = Debug|Any CPU
		{0EAE41FB-8E5F-42DA-9B77-87BCA291A13A}.Debug|Any CPU.Build.0 = Debug|Any CPU
		{0EAE41FB-8E5F-42DA-9B77-87BCA291A13A}.Release|Any CPU.ActiveCfg = Release|Any CPU
		{0EAE41FB-8E5F-42DA-9B77-87BCA291A13A}.Release|Any CPU.Build.0 = Release|Any CPU
		{20D3865C-214A-4256-B739-FD3ABA7FA668}.Debug|Any CPU.ActiveCfg = Debug|Any CPU
		{20D3865C-214A-4256-B739-FD3ABA7FA668}.Debug|Any CPU.Build.0 = Debug|Any CPU
		{20D3865C-214A-4256-B739-FD3ABA7FA668}.Release|Any CPU.ActiveCfg = Release|Any CPU
		{20D3865C-214A-4256-B739-FD3ABA7FA668}.Release|Any CPU.Build.0 = Release|Any CPU
		{3DA15646-291E-4176-A95C-981A068EF7AD}.Debug|Any CPU.ActiveCfg = Debug|Any CPU
		{3DA15646-291E-4176-A95C-981A068EF7AD}.Debug|Any CPU.Build.0 = Debug|Any CPU
		{3DA15646-291E-4176-A95C-981A068EF7AD}.Release|Any CPU.ActiveCfg = Release|Any CPU
		{3DA15646-291E-4176-A95C-981A068EF7AD}.Release|Any CPU.Build.0 = Release|Any CPU
		{890CAF80-FA98-4690-AF8B-3620CAF46E4A}.Debug|Any CPU.ActiveCfg = Debug|Any CPU
		{890CAF80-FA98-4690-AF8B-3620CAF46E4A}.Debug|Any CPU.Build.0 = Debug|Any CPU
		{890CAF80-FA98-4690-AF8B-3620CAF46E4A}.Release|Any CPU.ActiveCfg = Release|Any CPU
		{890CAF80-FA98-4690-AF8B-3620CAF46E4A}.Release|Any CPU.Build.0 = Release|Any CPU
		{26D64C48-2C6D-4D5C-97E0-86A5F23C4260}.Debug|Any CPU.ActiveCfg = Debug|Any CPU
		{26D64C48-2C6D-4D5C-97E0-86A5F23C4260}.Debug|Any CPU.Build.0 = Debug|Any CPU
		{26D64C48-2C6D-4D5C-97E0-86A5F23C4260}.Release|Any CPU.ActiveCfg = Release|Any CPU
		{26D64C48-2C6D-4D5C-97E0-86A5F23C4260}.Release|Any CPU.Build.0 = Release|Any CPU
		{3A7627F9-EA99-4FBC-970A-9FC3B033E519}.Debug|Any CPU.ActiveCfg = Debug|Any CPU
		{3A7627F9-EA99-4FBC-970A-9FC3B033E519}.Debug|Any CPU.Build.0 = Debug|Any CPU
		{3A7627F9-EA99-4FBC-970A-9FC3B033E519}.Release|Any CPU.ActiveCfg = Release|Any CPU
		{3A7627F9-EA99-4FBC-970A-9FC3B033E519}.Release|Any CPU.Build.0 = Release|Any CPU
		{85015EBD-1FC6-40A9-8C36-841B8D3D37C1}.Debug|Any CPU.ActiveCfg = Debug|Any CPU
		{85015EBD-1FC6-40A9-8C36-841B8D3D37C1}.Debug|Any CPU.Build.0 = Debug|Any CPU
		{85015EBD-1FC6-40A9-8C36-841B8D3D37C1}.Release|Any CPU.ActiveCfg = Release|Any CPU
		{85015EBD-1FC6-40A9-8C36-841B8D3D37C1}.Release|Any CPU.Build.0 = Release|Any CPU
		{C1325EEC-B339-4905-A495-0FA3F0CE316A}.Debug|Any CPU.ActiveCfg = Debug|Any CPU
		{C1325EEC-B339-4905-A495-0FA3F0CE316A}.Debug|Any CPU.Build.0 = Debug|Any CPU
		{C1325EEC-B339-4905-A495-0FA3F0CE316A}.Release|Any CPU.ActiveCfg = Release|Any CPU
		{C1325EEC-B339-4905-A495-0FA3F0CE316A}.Release|Any CPU.Build.0 = Release|Any CPU
		{731C3EC6-98B3-49DD-89E2-FCF864BC0578}.Debug|Any CPU.ActiveCfg = Debug|Any CPU
		{731C3EC6-98B3-49DD-89E2-FCF864BC0578}.Debug|Any CPU.Build.0 = Debug|Any CPU
		{731C3EC6-98B3-49DD-89E2-FCF864BC0578}.Release|Any CPU.ActiveCfg = Release|Any CPU
		{731C3EC6-98B3-49DD-89E2-FCF864BC0578}.Release|Any CPU.Build.0 = Release|Any CPU
		{011B5AE5-18BE-42A2-9A50-8779063FB20C}.Debug|Any CPU.ActiveCfg = Debug|Any CPU
		{011B5AE5-18BE-42A2-9A50-8779063FB20C}.Debug|Any CPU.Build.0 = Debug|Any CPU
		{011B5AE5-18BE-42A2-9A50-8779063FB20C}.Release|Any CPU.ActiveCfg = Release|Any CPU
		{011B5AE5-18BE-42A2-9A50-8779063FB20C}.Release|Any CPU.Build.0 = Release|Any CPU
		{BBE42DCF-E806-488F-B32A-E1A900AC168F}.Debug|Any CPU.ActiveCfg = Debug|Any CPU
		{BBE42DCF-E806-488F-B32A-E1A900AC168F}.Debug|Any CPU.Build.0 = Debug|Any CPU
		{BBE42DCF-E806-488F-B32A-E1A900AC168F}.Release|Any CPU.ActiveCfg = Release|Any CPU
		{BBE42DCF-E806-488F-B32A-E1A900AC168F}.Release|Any CPU.Build.0 = Release|Any CPU
		{02E1B87A-839D-4427-9214-BAECCC9BDD4A}.Debug|Any CPU.ActiveCfg = Debug|Any CPU
		{02E1B87A-839D-4427-9214-BAECCC9BDD4A}.Debug|Any CPU.Build.0 = Debug|Any CPU
		{02E1B87A-839D-4427-9214-BAECCC9BDD4A}.Release|Any CPU.ActiveCfg = Release|Any CPU
		{02E1B87A-839D-4427-9214-BAECCC9BDD4A}.Release|Any CPU.Build.0 = Release|Any CPU
	EndGlobalSection
	GlobalSection(SolutionProperties) = preSolution
		HideSolutionNode = FALSE
	EndGlobalSection
	GlobalSection(NestedProjects) = preSolution
		{4A7131C4-1EF9-46BB-B4B9-B5445B1676FF} = {B5389AAA-0F04-4BFF-AABE-B3F34A300E96}
		{7375B4B7-A79E-4CDE-8CEE-5DD355BAB08B} = {B5389AAA-0F04-4BFF-AABE-B3F34A300E96}
		{B2373B6A-CC91-43F8-A799-65D11FDEC692} = {50173A4C-33EA-4332-BC50-97A446C56944}
		{8B21B796-C83A-4D97-9C07-C21F24624D44} = {50173A4C-33EA-4332-BC50-97A446C56944}
		{B933D1B9-E447-40A2-99AF-AA79A2596D4E} = {50173A4C-33EA-4332-BC50-97A446C56944}
		{76BA5D78-6D25-43A8-BBA7-4FF7BC5322FD} = {50173A4C-33EA-4332-BC50-97A446C56944}
		{B45D4BB9-229A-4F70-8669-EF0035F4B534} = {B5389AAA-0F04-4BFF-AABE-B3F34A300E96}
		{0EAE41FB-8E5F-42DA-9B77-87BCA291A13A} = {B5389AAA-0F04-4BFF-AABE-B3F34A300E96}
		{20D3865C-214A-4256-B739-FD3ABA7FA668} = {4CA0BC45-FF7C-4EEF-A0B8-DFA9DFDEE88A}
		{3DA15646-291E-4176-A95C-981A068EF7AD} = {4CA0BC45-FF7C-4EEF-A0B8-DFA9DFDEE88A}
		{890CAF80-FA98-4690-AF8B-3620CAF46E4A} = {12D3985C-1491-4EBC-BFB4-F855647DC75A}
		{26D64C48-2C6D-4D5C-97E0-86A5F23C4260} = {12D3985C-1491-4EBC-BFB4-F855647DC75A}
		{3A7627F9-EA99-4FBC-970A-9FC3B033E519} = {715F1CC0-8F5C-4FFE-A3A6-FB04F39B606A}
		{85015EBD-1FC6-40A9-8C36-841B8D3D37C1} = {091C4099-2DDB-4032-BA78-0D9DF466A7A2}
		{C1325EEC-B339-4905-A495-0FA3F0CE316A} = {091C4099-2DDB-4032-BA78-0D9DF466A7A2}
		{731C3EC6-98B3-49DD-89E2-FCF864BC0578} = {091C4099-2DDB-4032-BA78-0D9DF466A7A2}
		{011B5AE5-18BE-42A2-9A50-8779063FB20C} = {091C4099-2DDB-4032-BA78-0D9DF466A7A2}
		{BBE42DCF-E806-488F-B32A-E1A900AC168F} = {091C4099-2DDB-4032-BA78-0D9DF466A7A2}
		{02E1B87A-839D-4427-9214-BAECCC9BDD4A} = {091C4099-2DDB-4032-BA78-0D9DF466A7A2}
	EndGlobalSection
	GlobalSection(ExtensibilityGlobals) = postSolution
		SolutionGuid = {DE73CF83-67E7-4D57-A95E-1706781FE0B5}
	EndGlobalSection
EndGlobal
